// !$*UTF8*$!
{
	archiveVersion = 1;
	classes = {
	};
	objectVersion = 50;
	objects = {

/* Begin PBXBuildFile section */
		39F4478828D850890042B59B /* AppDelegate.swift in Sources */ = {isa = PBXBuildFile; fileRef = 39F4478728D850890042B59B /* AppDelegate.swift */; };
		39F4478A28D850890042B59B /* SceneDelegate.swift in Sources */ = {isa = PBXBuildFile; fileRef = 39F4478928D850890042B59B /* SceneDelegate.swift */; };
		39F4478C28D850890042B59B /* ViewController.swift in Sources */ = {isa = PBXBuildFile; fileRef = 39F4478B28D850890042B59B /* ViewController.swift */; };
		39F4478F28D850890042B59B /* Main.storyboard in Resources */ = {isa = PBXBuildFile; fileRef = 39F4478D28D850890042B59B /* Main.storyboard */; };
		39F4479128D8508C0042B59B /* Assets.xcassets in Resources */ = {isa = PBXBuildFile; fileRef = 39F4479028D8508C0042B59B /* Assets.xcassets */; };
		39F4479428D8508C0042B59B /* LaunchScreen.storyboard in Resources */ = {isa = PBXBuildFile; fileRef = 39F4479228D8508C0042B59B /* LaunchScreen.storyboard */; };
		39F4479F28D8508C0042B59B /* SoftxpertTaskTests.swift in Sources */ = {isa = PBXBuildFile; fileRef = 39F4479E28D8508C0042B59B /* SoftxpertTaskTests.swift */; };
/* End PBXBuildFile section */

/* Begin PBXContainerItemProxy section */
		39F4479B28D8508C0042B59B /* PBXContainerItemProxy */ = {
			isa = PBXContainerItemProxy;
			containerPortal = 39F4477C28D850890042B59B /* Project object */;
			proxyType = 1;
			remoteGlobalIDString = 39F4478328D850890042B59B;
			remoteInfo = SoftxpertTask;
		};
/* End PBXContainerItemProxy section */

/* Begin PBXFileReference section */
		39F4478428D850890042B59B /* SoftxpertTask.app */ = {isa = PBXFileReference; explicitFileType = wrapper.application; includeInIndex = 0; path = SoftxpertTask.app; sourceTree = BUILT_PRODUCTS_DIR; };
		39F4478728D850890042B59B /* AppDelegate.swift */ = {isa = PBXFileReference; lastKnownFileType = sourcecode.swift; path = AppDelegate.swift; sourceTree = "<group>"; };
		39F4478928D850890042B59B /* SceneDelegate.swift */ = {isa = PBXFileReference; lastKnownFileType = sourcecode.swift; path = SceneDelegate.swift; sourceTree = "<group>"; };
		39F4478B28D850890042B59B /* ViewController.swift */ = {isa = PBXFileReference; lastKnownFileType = sourcecode.swift; path = ViewController.swift; sourceTree = "<group>"; };
		39F4478E28D850890042B59B /* Base */ = {isa = PBXFileReference; lastKnownFileType = file.storyboard; name = Base; path = Base.lproj/Main.storyboard; sourceTree = "<group>"; };
		39F4479028D8508C0042B59B /* Assets.xcassets */ = {isa = PBXFileReference; lastKnownFileType = folder.assetcatalog; path = Assets.xcassets; sourceTree = "<group>"; };
		39F4479328D8508C0042B59B /* Base */ = {isa = PBXFileReference; lastKnownFileType = file.storyboard; name = Base; path = Base.lproj/LaunchScreen.storyboard; sourceTree = "<group>"; };
		39F4479528D8508C0042B59B /* Info.plist */ = {isa = PBXFileReference; lastKnownFileType = text.plist.xml; path = Info.plist; sourceTree = "<group>"; };
		39F4479A28D8508C0042B59B /* SoftxpertTaskTests.xctest */ = {isa = PBXFileReference; explicitFileType = wrapper.cfbundle; includeInIndex = 0; path = SoftxpertTaskTests.xctest; sourceTree = BUILT_PRODUCTS_DIR; };
		39F4479E28D8508C0042B59B /* SoftxpertTaskTests.swift */ = {isa = PBXFileReference; lastKnownFileType = sourcecode.swift; path = SoftxpertTaskTests.swift; sourceTree = "<group>"; };
		39F447A028D8508C0042B59B /* Info.plist */ = {isa = PBXFileReference; lastKnownFileType = text.plist.xml; path = Info.plist; sourceTree = "<group>"; };
/* End PBXFileReference section */

/* Begin PBXFrameworksBuildPhase section */
		39F4478128D850890042B59B /* Frameworks */ = {
			isa = PBXFrameworksBuildPhase;
			buildActionMask = 2147483647;
			files = (
			);
			runOnlyForDeploymentPostprocessing = 0;
		};
		39F4479728D8508C0042B59B /* Frameworks */ = {
			isa = PBXFrameworksBuildPhase;
			buildActionMask = 2147483647;
			files = (
			);
			runOnlyForDeploymentPostprocessing = 0;
		};
/* End PBXFrameworksBuildPhase section */

/* Begin PBXGroup section */
		39F4477B28D850890042B59B = {
			isa = PBXGroup;
			children = (
				39F4478628D850890042B59B /* SoftxpertTask */,
				39F4479D28D8508C0042B59B /* SoftxpertTaskTests */,
				39F4478528D850890042B59B /* Products */,
			);
			sourceTree = "<group>";
		};
		39F4478528D850890042B59B /* Products */ = {
			isa = PBXGroup;
			children = (
				39F4478428D850890042B59B /* SoftxpertTask.app */,
				39F4479A28D8508C0042B59B /* SoftxpertTaskTests.xctest */,
			);
			name = Products;
			sourceTree = "<group>";
		};
		39F4478628D850890042B59B /* SoftxpertTask */ = {
			isa = PBXGroup;
			children = (
				39F4478728D850890042B59B /* AppDelegate.swift */,
				39F4478928D850890042B59B /* SceneDelegate.swift */,
				39F4478B28D850890042B59B /* ViewController.swift */,
				39F4478D28D850890042B59B /* Main.storyboard */,
				39F4479028D8508C0042B59B /* Assets.xcassets */,
				39F4479228D8508C0042B59B /* LaunchScreen.storyboard */,
				39F4479528D8508C0042B59B /* Info.plist */,
			);
			path = SoftxpertTask;
			sourceTree = "<group>";
		};
		39F4479D28D8508C0042B59B /* SoftxpertTaskTests */ = {
			isa = PBXGroup;
			children = (
				39F4479E28D8508C0042B59B /* SoftxpertTaskTests.swift */,
				39F447A028D8508C0042B59B /* Info.plist */,
			);
			path = SoftxpertTaskTests;
			sourceTree = "<group>";
		};
/* End PBXGroup section */

/* Begin PBXNativeTarget section */
		39F4478328D850890042B59B /* SoftxpertTask */ = {
			isa = PBXNativeTarget;
			buildConfigurationList = 39F447A328D8508C0042B59B /* Build configuration list for PBXNativeTarget "SoftxpertTask" */;
			buildPhases = (
				39F4478028D850890042B59B /* Sources */,
				39F4478128D850890042B59B /* Frameworks */,
				39F4478228D850890042B59B /* Resources */,
			);
			buildRules = (
			);
			dependencies = (
			);
			name = SoftxpertTask;
			productName = SoftxpertTask;
			productReference = 39F4478428D850890042B59B /* SoftxpertTask.app */;
			productType = "com.apple.product-type.application";
		};
		39F4479928D8508C0042B59B /* SoftxpertTaskTests */ = {
			isa = PBXNativeTarget;
			buildConfigurationList = 39F447A628D8508C0042B59B /* Build configuration list for PBXNativeTarget "SoftxpertTaskTests" */;
			buildPhases = (
				39F4479628D8508C0042B59B /* Sources */,
				39F4479728D8508C0042B59B /* Frameworks */,
				39F4479828D8508C0042B59B /* Resources */,
			);
			buildRules = (
			);
			dependencies = (
				39F4479C28D8508C0042B59B /* PBXTargetDependency */,
			);
			name = SoftxpertTaskTests;
			productName = SoftxpertTaskTests;
			productReference = 39F4479A28D8508C0042B59B /* SoftxpertTaskTests.xctest */;
			productType = "com.apple.product-type.bundle.unit-test";
		};
/* End PBXNativeTarget section */

/* Begin PBXProject section */
		39F4477C28D850890042B59B /* Project object */ = {
			isa = PBXProject;
			attributes = {
				LastSwiftUpdateCheck = 1130;
				LastUpgradeCheck = 1130;
				ORGANIZATIONNAME = "Mina Ezzat";
				TargetAttributes = {
					39F4478328D850890042B59B = {
						CreatedOnToolsVersion = 11.3.1;
					};
					39F4479928D8508C0042B59B = {
						CreatedOnToolsVersion = 11.3.1;
						TestTargetID = 39F4478328D850890042B59B;
					};
				};
			};
			buildConfigurationList = 39F4477F28D850890042B59B /* Build configuration list for PBXProject "SoftxpertTask" */;
			compatibilityVersion = "Xcode 9.3";
			developmentRegion = en;
			hasScannedForEncodings = 0;
			knownRegions = (
				en,
				Base,
			);
			mainGroup = 39F4477B28D850890042B59B;
			productRefGroup = 39F4478528D850890042B59B /* Products */;
			projectDirPath = "";
			projectRoot = "";
			targets = (
				39F4478328D850890042B59B /* SoftxpertTask */,
				39F4479928D8508C0042B59B /* SoftxpertTaskTests */,
			);
		};
/* End PBXProject section */

/* Begin PBXResourcesBuildPhase section */
		39F4478228D850890042B59B /* Resources */ = {
			isa = PBXResourcesBuildPhase;
			buildActionMask = 2147483647;
			files = (
				39F4479428D8508C0042B59B /* LaunchScreen.storyboard in Resources */,
				39F4479128D8508C0042B59B /* Assets.xcassets in Resources */,
				39F4478F28D850890042B59B /* Main.storyboard in Resources */,
			);
			runOnlyForDeploymentPostprocessing = 0;
		};
		39F4479828D8508C0042B59B /* Resources */ = {
			isa = PBXResourcesBuildPhase;
			buildActionMask = 2147483647;
			files = (
			);
			runOnlyForDeploymentPostprocessing = 0;
		};
/* End PBXResourcesBuildPhase section */

/* Begin PBXSourcesBuildPhase section */
		39F4478028D850890042B59B /* Sources */ = {
			isa = PBXSourcesBuildPhase;
			buildActionMask = 2147483647;
			files = (
				39F4478C28D850890042B59B /* ViewController.swift in Sources */,
				39F4478828D850890042B59B /* AppDelegate.swift in Sources */,
				39F4478A28D850890042B59B /* SceneDelegate.swift in Sources */,
			);
			runOnlyForDeploymentPostprocessing = 0;
		};
		39F4479628D8508C0042B59B /* Sources */ = {
			isa = PBXSourcesBuildPhase;
			buildActionMask = 2147483647;
			files = (
				39F4479F28D8508C0042B59B /* SoftxpertTaskTests.swift in Sources */,
			);
			runOnlyForDeploymentPostprocessing = 0;
		};
/* End PBXSourcesBuildPhase section */

/* Begin PBXTargetDependency section */
		39F4479C28D8508C0042B59B /* PBXTargetDependency */ = {
			isa = PBXTargetDependency;
			target = 39F4478328D850890042B59B /* SoftxpertTask */;
			targetProxy = 39F4479B28D8508C0042B59B /* PBXContainerItemProxy */;
		};
/* End PBXTargetDependency section */

/* Begin PBXVariantGroup section */
		39F4478D28D850890042B59B /* Main.storyboard */ = {
			isa = PBXVariantGroup;
			children = (
				39F4478E28D850890042B59B /* Base */,
			);
			name = Main.storyboard;
			sourceTree = "<group>";
		};
		39F4479228D8508C0042B59B /* LaunchScreen.storyboard */ = {
			isa = PBXVariantGroup;
			children = (
				39F4479328D8508C0042B59B /* Base */,
			);
			name = LaunchScreen.storyboard;
			sourceTree = "<group>";
		};
/* End PBXVariantGroup section */

/* Begin XCBuildConfiguration section */
		39F447A128D8508C0042B59B /* Debug */ = {
			isa = XCBuildConfiguration;
			buildSettings = {
				ALWAYS_SEARCH_USER_PATHS = NO;
				CLANG_ANALYZER_NONNULL = YES;
				CLANG_ANALYZER_NUMBER_OBJECT_CONVERSION = YES_AGGRESSIVE;
				CLANG_CXX_LANGUAGE_STANDARD = "gnu++14";
				CLANG_CXX_LIBRARY = "libc++";
				CLANG_ENABLE_MODULES = YES;
				CLANG_ENABLE_OBJC_ARC = YES;
				CLANG_ENABLE_OBJC_WEAK = YES;
				CLANG_WARN_BLOCK_CAPTURE_AUTORELEASING = YES;
				CLANG_WARN_BOOL_CONVERSION = YES;
				CLANG_WARN_COMMA = YES;
				CLANG_WARN_CONSTANT_CONVERSION = YES;
				CLANG_WARN_DEPRECATED_OBJC_IMPLEMENTATIONS = YES;
				CLANG_WARN_DIRECT_OBJC_ISA_USAGE = YES_ERROR;
				CLANG_WARN_DOCUMENTATION_COMMENTS = YES;
				CLANG_WARN_EMPTY_BODY = YES;
				CLANG_WARN_ENUM_CONVERSION = YES;
				CLANG_WARN_INFINITE_RECURSION = YES;
				CLANG_WARN_INT_CONVERSION = YES;
				CLANG_WARN_NON_LITERAL_NULL_CONVERSION = YES;
				CLANG_WARN_OBJC_IMPLICIT_RETAIN_SELF = YES;
				CLANG_WARN_OBJC_LITERAL_CONVERSION = YES;
				CLANG_WARN_OBJC_ROOT_CLASS = YES_ERROR;
				CLANG_WARN_RANGE_LOOP_ANALYSIS = YES;
				CLANG_WARN_STRICT_PROTOTYPES = YES;
				CLANG_WARN_SUSPICIOUS_MOVE = YES;
				CLANG_WARN_UNGUARDED_AVAILABILITY = YES_AGGRESSIVE;
				CLANG_WARN_UNREACHABLE_CODE = YES;
				CLANG_WARN__DUPLICATE_METHOD_MATCH = YES;
				COPY_PHASE_STRIP = NO;
				DEBUG_INFORMATION_FORMAT = dwarf;
				ENABLE_STRICT_OBJC_MSGSEND = YES;
				ENABLE_TESTABILITY = YES;
				GCC_C_LANGUAGE_STANDARD = gnu11;
				GCC_DYNAMIC_NO_PIC = NO;
				GCC_NO_COMMON_BLOCKS = YES;
				GCC_OPTIMIZATION_LEVEL = 0;
				GCC_PREPROCESSOR_DEFINITIONS = (
					"DEBUG=1",
					"$(inherited)",
				);
				GCC_WARN_64_TO_32_BIT_CONVERSION = YES;
				GCC_WARN_ABOUT_RETURN_TYPE = YES_ERROR;
				GCC_WARN_UNDECLARED_SELECTOR = YES;
				GCC_WARN_UNINITIALIZED_AUTOS = YES_AGGRESSIVE;
				GCC_WARN_UNUSED_FUNCTION = YES;
				GCC_WARN_UNUSED_VARIABLE = YES;
				IPHONEOS_DEPLOYMENT_TARGET = 13.2;
				MTL_ENABLE_DEBUG_INFO = INCLUDE_SOURCE;
				MTL_FAST_MATH = YES;
				ONLY_ACTIVE_ARCH = YES;
				SDKROOT = iphoneos;
				SWIFT_ACTIVE_COMPILATION_CONDITIONS = DEBUG;
				SWIFT_OPTIMIZATION_LEVEL = "-Onone";
			};
			name = Debug;
		};
		39F447A228D8508C0042B59B /* Release */ = {
			isa = XCBuildConfiguration;
			buildSettings = {
				ALWAYS_SEARCH_USER_PATHS = NO;
				CLANG_ANALYZER_NONNULL = YES;
				CLANG_ANALYZER_NUMBER_OBJECT_CONVERSION = YES_AGGRESSIVE;
				CLANG_CXX_LANGUAGE_STANDARD = "gnu++14";
				CLANG_CXX_LIBRARY = "libc++";
				CLANG_ENABLE_MODULES = YES;
				CLANG_ENABLE_OBJC_ARC = YES;
				CLANG_ENABLE_OBJC_WEAK = YES;
				CLANG_WARN_BLOCK_CAPTURE_AUTORELEASING = YES;
				CLANG_WARN_BOOL_CONVERSION = YES;
				CLANG_WARN_COMMA = YES;
				CLANG_WARN_CONSTANT_CONVERSION = YES;
				CLANG_WARN_DEPRECATED_OBJC_IMPLEMENTATIONS = YES;
				CLANG_WARN_DIRECT_OBJC_ISA_USAGE = YES_ERROR;
				CLANG_WARN_DOCUMENTATION_COMMENTS = YES;
				CLANG_WARN_EMPTY_BODY = YES;
				CLANG_WARN_ENUM_CONVERSION = YES;
				CLANG_WARN_INFINITE_RECURSION = YES;
				CLANG_WARN_INT_CONVERSION = YES;
				CLANG_WARN_NON_LITERAL_NULL_CONVERSION = YES;
				CLANG_WARN_OBJC_IMPLICIT_RETAIN_SELF = YES;
				CLANG_WARN_OBJC_LITERAL_CONVERSION = YES;
				CLANG_WARN_OBJC_ROOT_CLASS = YES_ERROR;
				CLANG_WARN_RANGE_LOOP_ANALYSIS = YES;
				CLANG_WARN_STRICT_PROTOTYPES = YES;
				CLANG_WARN_SUSPICIOUS_MOVE = YES;
				CLANG_WARN_UNGUARDED_AVAILABILITY = YES_AGGRESSIVE;
				CLANG_WARN_UNREACHABLE_CODE = YES;
				CLANG_WARN__DUPLICATE_METHOD_MATCH = YES;
				COPY_PHASE_STRIP = NO;
				DEBUG_INFORMATION_FORMAT = "dwarf-with-dsym";
				ENABLE_NS_ASSERTIONS = NO;
				ENABLE_STRICT_OBJC_MSGSEND = YES;
				GCC_C_LANGUAGE_STANDARD = gnu11;
				GCC_NO_COMMON_BLOCKS = YES;
				GCC_WARN_64_TO_32_BIT_CONVERSION = YES;
				GCC_WARN_ABOUT_RETURN_TYPE = YES_ERROR;
				GCC_WARN_UNDECLARED_SELECTOR = YES;
				GCC_WARN_UNINITIALIZED_AUTOS = YES_AGGRESSIVE;
				GCC_WARN_UNUSED_FUNCTION = YES;
				GCC_WARN_UNUSED_VARIABLE = YES;
				IPHONEOS_DEPLOYMENT_TARGET = 13.2;
				MTL_ENABLE_DEBUG_INFO = NO;
				MTL_FAST_MATH = YES;
				SDKROOT = iphoneos;
				SWIFT_COMPILATION_MODE = wholemodule;
				SWIFT_OPTIMIZATION_LEVEL = "-O";
				VALIDATE_PRODUCT = YES;
			};
			name = Release;
		};
		39F447A428D8508C0042B59B /* Debug */ = {
			isa = XCBuildConfiguration;
			buildSettings = {
				ASSETCATALOG_COMPILER_APPICON_NAME = AppIcon;
				CODE_SIGN_STYLE = Automatic;
				INFOPLIST_FILE = SoftxpertTask/Info.plist;
				LD_RUNPATH_SEARCH_PATHS = (
					"$(inherited)",
					"@executable_path/Frameworks",
				);
				PRODUCT_BUNDLE_IDENTIFIER = mina.SoftxpertTask;
				PRODUCT_NAME = "$(TARGET_NAME)";
				SWIFT_VERSION = 5.0;
				TARGETED_DEVICE_FAMILY = "1,2";
			};
			name = Debug;
		};
		39F447A528D8508C0042B59B /* Release */ = {
			isa = XCBuildConfiguration;
			buildSettings = {
				ASSETCATALOG_COMPILER_APPICON_NAME = AppIcon;
				CODE_SIGN_STYLE = Automatic;
				INFOPLIST_FILE = SoftxpertTask/Info.plist;
				LD_RUNPATH_SEARCH_PATHS = (
					"$(inherited)",
					"@executable_path/Frameworks",
				);
				PRODUCT_BUNDLE_IDENTIFIER = mina.SoftxpertTask;
				PRODUCT_NAME = "$(TARGET_NAME)";
				SWIFT_VERSION = 5.0;
				TARGETED_DEVICE_FAMILY = "1,2";
			};
			name = Release;
		};
		39F447A728D8508C0042B59B /* Debug */ = {
			isa = XCBuildConfiguration;
			buildSettings = {
				ALWAYS_EMBED_SWIFT_STANDARD_LIBRARIES = YES;
				BUNDLE_LOADER = "$(TEST_HOST)";
				CODE_SIGN_STYLE = Automatic;
				INFOPLIST_FILE = SoftxpertTaskTests/Info.plist;
				IPHONEOS_DEPLOYMENT_TARGET = 13.2;
				LD_RUNPATH_SEARCH_PATHS = (
					"$(inherited)",
					"@executable_path/Frameworks",
					"@loader_path/Frameworks",
				);
				PRODUCT_BUNDLE_IDENTIFIER = mina.SoftxpertTaskTests;
				PRODUCT_NAME = "$(TARGET_NAME)";
				SWIFT_VERSION = 5.0;
				TARGETED_DEVICE_FAMILY = "1,2";
				TEST_HOST = "$(BUILT_PRODUCTS_DIR)/SoftxpertTask.app/SoftxpertTask";
			};
			name = Debug;
		};
		39F447A828D8508C0042B59B /* Release */ = {
			isa = XCBuildConfiguration;
			buildSettings = {
				ALWAYS_EMBED_SWIFT_STANDARD_LIBRARIES = YES;
				BUNDLE_LOADER = "$(TEST_HOST)";
				CODE_SIGN_STYLE = Automatic;
				INFOPLIST_FILE = SoftxpertTaskTests/Info.plist;
				IPHONEOS_DEPLOYMENT_TARGET = 13.2;
				LD_RUNPATH_SEARCH_PATHS = (
					"$(inherited)",
					"@executable_path/Frameworks",
					"@loader_path/Frameworks",
				);
				PRODUCT_BUNDLE_IDENTIFIER = mina.SoftxpertTaskTests;
				PRODUCT_NAME = "$(TARGET_NAME)";
				SWIFT_VERSION = 5.0;
				TARGETED_DEVICE_FAMILY = "1,2";
				TEST_HOST = "$(BUILT_PRODUCTS_DIR)/SoftxpertTask.app/SoftxpertTask";
			};
			name = Release;
		};
/* End XCBuildConfiguration section */

/* Begin XCConfigurationList section */
		39F4477F28D850890042B59B /* Build configuration list for PBXProject "SoftxpertTask" */ = {
			isa = XCConfigurationList;
			buildConfigurations = (
				39F447A128D8508C0042B59B /* Debug */,
				39F447A228D8508C0042B59B /* Release */,
			);
			defaultConfigurationIsVisible = 0;
			defaultConfigurationName = Release;
		};
		39F447A328D8508C0042B59B /* Build configuration list for PBXNativeTarget "SoftxpertTask" */ = {
			isa = XCConfigurationList;
			buildConfigurations = (
				39F447A428D8508C0042B59B /* Debug */,
				39F447A528D8508C0042B59B /* Release */,
			);
			defaultConfigurationIsVisible = 0;
			defaultConfigurationName = Release;
		};
		39F447A628D8508C0042B59B /* Build configuration list for PBXNativeTarget "SoftxpertTaskTests" */ = {
			isa = XCConfigurationList;
			buildConfigurations = (
				39F447A728D8508C0042B59B /* Debug */,
				39F447A828D8508C0042B59B /* Release */,
			);
			defaultConfigurationIsVisible = 0;
			defaultConfigurationName = Release;
		};
/* End XCConfigurationList section */
	};
	rootObject = 39F4477C28D850890042B59B /* Project object */;
}
